
Microsoft Visual Studio Solution File, Format Version 12.00
# Visual Studio Version 16
VisualStudioVersion = 16.0.30413.136
MinimumVisualStudioVersion = 10.0.40219.1
Project("{9A19103F-16F7-4668-BE54-9A1E7A4F7556}") = "Models", "Models\Models.csproj", "{5CB57F2F-228E-4AEC-94D1-87C49EEB7C72}"
EndProject
Project("{9A19103F-16F7-4668-BE54-9A1E7A4F7556}") = "Kantipur.Api", "Kantipur.Api\Kantipur.Api.csproj", "{1CCB3DC6-0BFD-457A-ACFE-903BA17CEC4C}"
EndProject
Project("{9A19103F-16F7-4668-BE54-9A1E7A4F7556}") = "Scenarios", "ServiceDomains\Scenarios.csproj", "{85224979-B955-49D3-BD06-64E7E833FA41}"
EndProject
Project("{9A19103F-16F7-4668-BE54-9A1E7A4F7556}") = "DomainTests", "CarsDomainTests\DomainTests.csproj", "{6048EC51-1498-4B71-A4A2-79B32526A474}"
EndProject
Project("{9A19103F-16F7-4668-BE54-9A1E7A4F7556}") = "Persistence", "Kantipur.Persist\Persistence.csproj", "{BBE17896-13BC-47D8-BE3B-E0512B37B457}"
EndProject
Global
	GlobalSection(SolutionConfigurationPlatforms) = preSolution
		Debug|Any CPU = Debug|Any CPU
		Release|Any CPU = Release|Any CPU
	EndGlobalSection
	GlobalSection(ProjectConfigurationPlatforms) = postSolution
		{5CB57F2F-228E-4AEC-94D1-87C49EEB7C72}.Debug|Any CPU.ActiveCfg = Debug|Any CPU
		{5CB57F2F-228E-4AEC-94D1-87C49EEB7C72}.Debug|Any CPU.Build.0 = Debug|Any CPU
		{5CB57F2F-228E-4AEC-94D1-87C49EEB7C72}.Release|Any CPU.ActiveCfg = Release|Any CPU
		{5CB57F2F-228E-4AEC-94D1-87C49EEB7C72}.Release|Any CPU.Build.0 = Release|Any CPU
		{1CCB3DC6-0BFD-457A-ACFE-903BA17CEC4C}.Debug|Any CPU.ActiveCfg = Debug|Any CPU
		{1CCB3DC6-0BFD-457A-ACFE-903BA17CEC4C}.Debug|Any CPU.Build.0 = Debug|Any CPU
		{1CCB3DC6-0BFD-457A-ACFE-903BA17CEC4C}.Release|Any CPU.ActiveCfg = Release|Any CPU
		{1CCB3DC6-0BFD-457A-ACFE-903BA17CEC4C}.Release|Any CPU.Build.0 = Release|Any CPU
		{85224979-B955-49D3-BD06-64E7E833FA41}.Debug|Any CPU.ActiveCfg = Debug|Any CPU
		{85224979-B955-49D3-BD06-64E7E833FA41}.Debug|Any CPU.Build.0 = Debug|Any CPU
		{85224979-B955-49D3-BD06-64E7E833FA41}.Release|Any CPU.ActiveCfg = Release|Any CPU
		{85224979-B955-49D3-BD06-64E7E833FA41}.Release|Any CPU.Build.0 = Release|Any CPU
		{6048EC51-1498-4B71-A4A2-79B32526A474}.Debug|Any CPU.ActiveCfg = Debug|Any CPU
		{6048EC51-1498-4B71-A4A2-79B32526A474}.Debug|Any CPU.Build.0 = Debug|Any CPU
		{6048EC51-1498-4B71-A4A2-79B32526A474}.Release|Any CPU.ActiveCfg = Release|Any CPU
		{6048EC51-1498-4B71-A4A2-79B32526A474}.Release|Any CPU.Build.0 = Release|Any CPU
		{BBE17896-13BC-47D8-BE3B-E0512B37B457}.Debug|Any CPU.ActiveCfg = Debug|Any CPU
		{BBE17896-13BC-47D8-BE3B-E0512B37B457}.Debug|Any CPU.Build.0 = Debug|Any CPU
		{BBE17896-13BC-47D8-BE3B-E0512B37B457}.Release|Any CPU.ActiveCfg = Release|Any CPU
		{BBE17896-13BC-47D8-BE3B-E0512B37B457}.Release|Any CPU.Build.0 = Release|Any CPU
	EndGlobalSection
	GlobalSection(SolutionProperties) = preSolution
		HideSolutionNode = FALSE
	EndGlobalSection
	GlobalSection(ExtensibilityGlobals) = postSolution
		SolutionGuid = {B3F8165A-317D-4829-A55A-43DAB68085F7}
	EndGlobalSection
EndGlobal
